
Microsoft Visual Studio Solution File, Format Version 12.00
# Visual Studio Version 17
VisualStudioVersion = 17.4.33122.133
MinimumVisualStudioVersion = 10.0.40219.1
Project("{FAE04EC0-301F-11D3-BF4B-00C04F79EFBC}") = "SynchronizationTask", "SynchronizationTask.csproj", "{7B53CDF1-9B4A-46BA-A342-8F336FDE1204}"
EndProject
Global
	GlobalSection(SolutionConfigurationPlatforms) = preSolution
		Debug|Any CPU = Debug|Any CPU
		Release|Any CPU = Release|Any CPU
	EndGlobalSection
	GlobalSection(ProjectConfigurationPlatforms) = postSolution
		{7B53CDF1-9B4A-46BA-A342-8F336FDE1204}.Debug|Any CPU.ActiveCfg = Debug|Any CPU
		{7B53CDF1-9B4A-46BA-A342-8F336FDE1204}.Debug|Any CPU.Build.0 = Debug|Any CPU
		{7B53CDF1-9B4A-46BA-A342-8F336FDE1204}.Release|Any CPU.ActiveCfg = Release|Any CPU
		{7B53CDF1-9B4A-46BA-A342-8F336FDE1204}.Release|Any CPU.Build.0 = Release|Any CPU
	EndGlobalSection
	GlobalSection(SolutionProperties) = preSolution
		HideSolutionNode = FALSE
	EndGlobalSection
	GlobalSection(ExtensibilityGlobals) = postSolution
		SolutionGuid = {32527A73-58D5-49EE-BDFD-9A4E46368716}
	EndGlobalSection
EndGlobal
